{
    "_meta": {
        "hash": {
            "sha256": "f117e3a9861214ad13ea1ea858aad4651df8116e5d1edbebcb13ae6c9c7270cc"
        },
        "pipfile-spec": 6,
        "requires": {
            "python_version": "3.7"
        },
        "sources": [
            {
                "name": "pypi",
                "url": "https://pypi.org/simple",
                "verify_ssl": true
            }
        ]
    },
    "default": {
        "boto3": {
            "hashes": [
                "sha256:332c6a17fd695581dd6f9ed825ce13c2d5ee3a6f5e1b079bed0ff7293809faf0",
                "sha256:edd35eb7cd8d56f08e65b112206936cf9f76bb406fb15f63075ff72331ef6f5f"
            ],
            "index": "pypi",
            "version": "==1.4.8"
        },
        "botocore": {
            "hashes": [
                "sha256:0848c9cd2cbaca08f1f35cfa79f3e771c81c57b6e5a12531b18c209025445831",
                "sha256:2d5611f72d41daacb63c43468619b13d6004ea1ddfa779511337e93fa1e57039"
            ],
            "index": "pypi",
            "version": "==1.8.7"
        },
        "docutils": {
            "hashes": [
                "sha256:02aec4bd92ab067f6ff27a38a38a41173bf01bed8f89157768c1573f53e474a6",
                "sha256:51e64ef2ebfb29cae1faa133b3710143496eca21c530f3f71424d77687764274",
                "sha256:7a4bd47eaf6596e1295ecb11361139febe29b084a87bf005bf899f9a42edc3c6"
            ],
            "index": "pypi",
            "version": "==0.14"
        },
        "jmespath": {
            "hashes": [
                "sha256:6a81d4c9aa62caf061cb517b4d9ad1dd300374cd4706997aff9cd6aedd61fc64",
                "sha256:f11b4461f425740a1d908e9a3f7365c3d2e569f6ca68a2ff8bc5bcd9676edd63"
            ],
            "index": "pypi",
            "version": "==0.9.3"
        },
        "pyboto3": {
            "hashes": [
                "sha256:a1c9ac858460499e6d350aaa3b598432ebca8a0152cbedfe4c46969a973a3ddd"
            ],
            "index": "pypi",
            "version": "==1.4.4"
        },
        "python-dateutil": {
            "hashes": [
                "sha256:891c38b2a02f5bb1be3e4793866c8df49c7d19baabf9c1bad62547e0b4866aca",
                "sha256:95511bae634d69bc7329ba55e646499a842bc4ec342ad54a8cdb65645a0aad3c"
            ],
            "index": "pypi",
            "version": "==2.6.1"
        },
        "pyyaml": {
            "hashes": [
                "sha256:406b717f739e2d00c49873068b71f5454c2420157db51b082d4d2beb17ffffb6"
            ],
            "index": "pypi",
            "version": "==4.2b2"
        },
        "s3transfer": {
            "hashes": [
                "sha256:10891b246296e0049071d56c32953af05cea614dca425a601e4c0be35990121e",
                "sha256:23c156ca4d64b022476c92c44bf938bef71af9ce0dcd8fd6585e7bce52f66e47"
            ],
            "index": "pypi",
            "version": "==0.1.12"
        },
        "semver": {
            "hashes": [
                "sha256:1ffb55fb86a076cf7c161e6b5931f7da59f15abe217e0f24cea96cc8eec50f42"
            ],
            "index": "pypi",
            "version": "==2.7.9"
        },
        "six": {
            "hashes": [
                "sha256:70e8a77beed4562e7f14fe23a786b54f6296e34344c23bc42f07b15018ff98e9",
                "sha256:832dc0e10feb1aa2c68dcc57dbb658f1c7e65b9b61af69048abc87a2db00a0eb"
            ],
            "index": "pypi",
            "version": "==1.11.0"
        },
        "termcolor": {
            "hashes": [
                "sha256:1d6d69ce66211143803fbc56652b41d73b4a400a2891d7bf7a1cdf4c02de613b"
            ],
            "index": "pypi",
            "version": "==1.1.0"
        }
    },
    "develop": {}
}
